
Microsoft Visual Studio Solution File, Format Version 12.00
# Visual Studio Version 17
VisualStudioVersion = 17.4.33205.214
MinimumVisualStudioVersion = 10.0.40219.1
Project("{FAE04EC0-301F-11D3-BF4B-00C04F79EFBC}") = "MacCalc", "MacCalc\MacCalc.csproj", "{87D0B7BD-5FAE-4D38-AA57-CB8818BB641F}"
EndProject
Global
	GlobalSection(SolutionConfigurationPlatforms) = preSolution
		Debug|Any CPU = Debug|Any CPU
		Release|Any CPU = Release|Any CPU
	EndGlobalSection
	GlobalSection(ProjectConfigurationPlatforms) = postSolution
		{87D0B7BD-5FAE-4D38-AA57-CB8818BB641F}.Debug|Any CPU.ActiveCfg = Debug|Any CPU
		{87D0B7BD-5FAE-4D38-AA57-CB8818BB641F}.Debug|Any CPU.Build.0 = Debug|Any CPU
		{87D0B7BD-5FAE-4D38-AA57-CB8818BB641F}.Release|Any CPU.ActiveCfg = Release|Any CPU
		{87D0B7BD-5FAE-4D38-AA57-CB8818BB641F}.Release|Any CPU.Build.0 = Release|Any CPU
	EndGlobalSection
	GlobalSection(SolutionProperties) = preSolution
		HideSolutionNode = FALSE
	EndGlobalSection
	GlobalSection(ExtensibilityGlobals) = postSolution
		SolutionGuid = {ED4FF626-B02D-4402-B805-CBC8E9E9EDCD}
	EndGlobalSection
EndGlobal
